# This file is automatically @generated by Cargo.
# It is not intended for manual editing.
version = 3

[[package]]
name = "fsm"
version = "0.2.2"
source = "registry+https://github.com/rust-lang/crates.io-index"
checksum = "096664d51862fb2f3e608521020ad6602f1ebd80dba97e3ac758e518c970f568"

[[package]]
name = "state_machine"
version = "0.1.0"
dependencies = [
 "fsm",
]
